
Microsoft Visual Studio Solution File, Format Version 12.00
# Visual Studio Version 17
VisualStudioVersion = 17.7.34202.233
MinimumVisualStudioVersion = 10.0.40219.1
Project("{FAE04EC0-301F-11D3-BF4B-00C04F79EFBC}") = "Domain", "Domain\Domain.csproj", "{7A9D6D0D-4C9A-421B-BF13-1D133FCFE770}"
EndProject
Global
	GlobalSection(SolutionConfigurationPlatforms) = preSolution
		Debug|Any CPU = Debug|Any CPU
		Release|Any CPU = Release|Any CPU
	EndGlobalSection
	GlobalSection(ProjectConfigurationPlatforms) = postSolution
		{7A9D6D0D-4C9A-421B-BF13-1D133FCFE770}.Debug|Any CPU.ActiveCfg = Debug|Any CPU
		{7A9D6D0D-4C9A-421B-BF13-1D133FCFE770}.Debug|Any CPU.Build.0 = Debug|Any CPU
		{7A9D6D0D-4C9A-421B-BF13-1D133FCFE770}.Release|Any CPU.ActiveCfg = Release|Any CPU
		{7A9D6D0D-4C9A-421B-BF13-1D133FCFE770}.Release|Any CPU.Build.0 = Release|Any CPU
	EndGlobalSection
	GlobalSection(SolutionProperties) = preSolution
		HideSolutionNode = FALSE
	EndGlobalSection
	GlobalSection(ExtensibilityGlobals) = postSolution
		SolutionGuid = {3BC23418-F35D-4307-B265-CF3D4B4D7AC4}
	EndGlobalSection
EndGlobal
